
Microsoft Visual Studio Solution File, Format Version 12.00
# Visual Studio Version 17
VisualStudioVersion = 17.0.32112.339
MinimumVisualStudioVersion = 10.0.40219.1
Project("{9A19103F-16F7-4668-BE54-9A1E7A4F7556}") = "Demo_HelloWorld", "HelloWorld\Demo_HelloWorld.csproj", "{31CB8ED9-91A7-49C4-B37D-A491C8CFD2BC}"
EndProject
Project("{9A19103F-16F7-4668-BE54-9A1E7A4F7556}") = "Demo_DataTypes", "Demo_DataTypes\Demo_DataTypes.csproj", "{1089FB3E-47B7-4AA3-A3F2-38A0DD58062C}"
EndProject
Project("{9A19103F-16F7-4668-BE54-9A1E7A4F7556}") = "Demo_ArgumentTypes", "Demo_ArgumentTypes\Demo_ArgumentTypes.csproj", "{E5744517-7ADF-4152-96D7-469BB73F6056}"
EndProject
Project("{9A19103F-16F7-4668-BE54-9A1E7A4F7556}") = "Demo_Interface", "Demo_Interface\Demo_Interface.csproj", "{C39B8D3D-E6CF-4B2E-BA96-B379E5C677A9}"
EndProject
Project("{9A19103F-16F7-4668-BE54-9A1E7A4F7556}") = "Demo_AnonymousMethod", "Anonymous_method\Demo_AnonymousMethod.csproj", "{3B4BFAA1-2263-4EAA-80CF-10947DF93410}"
EndProject
Project("{9A19103F-16F7-4668-BE54-9A1E7A4F7556}") = "Demo_LINQ", "Demo_LINQ\Demo_LINQ.csproj", "{0F77FD22-2F6D-41F8-85D7-1F0051D1FE9A}"
EndProject
Project("{9A19103F-16F7-4668-BE54-9A1E7A4F7556}") = "Demo_WebAPP", "Demo_WebAPP\Demo_WebAPP.csproj", "{C0E09337-5D91-4C0A-ADA0-F0AF5BA662FA}"
EndProject
Project("{FAE04EC0-301F-11D3-BF4B-00C04F79EFBC}") = "Assignment1", "Assignment1\Assignment1.csproj", "{FD10A43A-3174-4407-9A14-D5D1C4F20BCF}"
EndProject
Project("{FAE04EC0-301F-11D3-BF4B-00C04F79EFBC}") = "Assignment2", "Assignment2\Assignment2.csproj", "{0F8E924A-CDD8-4068-A694-76B38147141B}"
EndProject
Global
	GlobalSection(SolutionConfigurationPlatforms) = preSolution
		Debug|Any CPU = Debug|Any CPU
		Release|Any CPU = Release|Any CPU
	EndGlobalSection
	GlobalSection(ProjectConfigurationPlatforms) = postSolution
		{31CB8ED9-91A7-49C4-B37D-A491C8CFD2BC}.Debug|Any CPU.ActiveCfg = Debug|Any CPU
		{31CB8ED9-91A7-49C4-B37D-A491C8CFD2BC}.Debug|Any CPU.Build.0 = Debug|Any CPU
		{31CB8ED9-91A7-49C4-B37D-A491C8CFD2BC}.Release|Any CPU.ActiveCfg = Release|Any CPU
		{31CB8ED9-91A7-49C4-B37D-A491C8CFD2BC}.Release|Any CPU.Build.0 = Release|Any CPU
		{1089FB3E-47B7-4AA3-A3F2-38A0DD58062C}.Debug|Any CPU.ActiveCfg = Debug|Any CPU
		{1089FB3E-47B7-4AA3-A3F2-38A0DD58062C}.Debug|Any CPU.Build.0 = Debug|Any CPU
		{1089FB3E-47B7-4AA3-A3F2-38A0DD58062C}.Release|Any CPU.ActiveCfg = Release|Any CPU
		{1089FB3E-47B7-4AA3-A3F2-38A0DD58062C}.Release|Any CPU.Build.0 = Release|Any CPU
		{E5744517-7ADF-4152-96D7-469BB73F6056}.Debug|Any CPU.ActiveCfg = Debug|Any CPU
		{E5744517-7ADF-4152-96D7-469BB73F6056}.Debug|Any CPU.Build.0 = Debug|Any CPU
		{E5744517-7ADF-4152-96D7-469BB73F6056}.Release|Any CPU.ActiveCfg = Release|Any CPU
		{E5744517-7ADF-4152-96D7-469BB73F6056}.Release|Any CPU.Build.0 = Release|Any CPU
		{C39B8D3D-E6CF-4B2E-BA96-B379E5C677A9}.Debug|Any CPU.ActiveCfg = Debug|Any CPU
		{C39B8D3D-E6CF-4B2E-BA96-B379E5C677A9}.Debug|Any CPU.Build.0 = Debug|Any CPU
		{C39B8D3D-E6CF-4B2E-BA96-B379E5C677A9}.Release|Any CPU.ActiveCfg = Release|Any CPU
		{C39B8D3D-E6CF-4B2E-BA96-B379E5C677A9}.Release|Any CPU.Build.0 = Release|Any CPU
		{3B4BFAA1-2263-4EAA-80CF-10947DF93410}.Debug|Any CPU.ActiveCfg = Debug|Any CPU
		{3B4BFAA1-2263-4EAA-80CF-10947DF93410}.Debug|Any CPU.Build.0 = Debug|Any CPU
		{3B4BFAA1-2263-4EAA-80CF-10947DF93410}.Release|Any CPU.ActiveCfg = Release|Any CPU
		{3B4BFAA1-2263-4EAA-80CF-10947DF93410}.Release|Any CPU.Build.0 = Release|Any CPU
		{0F77FD22-2F6D-41F8-85D7-1F0051D1FE9A}.Debug|Any CPU.ActiveCfg = Debug|Any CPU
		{0F77FD22-2F6D-41F8-85D7-1F0051D1FE9A}.Debug|Any CPU.Build.0 = Debug|Any CPU
		{0F77FD22-2F6D-41F8-85D7-1F0051D1FE9A}.Release|Any CPU.ActiveCfg = Release|Any CPU
		{0F77FD22-2F6D-41F8-85D7-1F0051D1FE9A}.Release|Any CPU.Build.0 = Release|Any CPU
		{C0E09337-5D91-4C0A-ADA0-F0AF5BA662FA}.Debug|Any CPU.ActiveCfg = Debug|Any CPU
		{C0E09337-5D91-4C0A-ADA0-F0AF5BA662FA}.Debug|Any CPU.Build.0 = Debug|Any CPU
		{C0E09337-5D91-4C0A-ADA0-F0AF5BA662FA}.Release|Any CPU.ActiveCfg = Release|Any CPU
		{C0E09337-5D91-4C0A-ADA0-F0AF5BA662FA}.Release|Any CPU.Build.0 = Release|Any CPU
		{FD10A43A-3174-4407-9A14-D5D1C4F20BCF}.Debug|Any CPU.ActiveCfg = Debug|Any CPU
		{FD10A43A-3174-4407-9A14-D5D1C4F20BCF}.Debug|Any CPU.Build.0 = Debug|Any CPU
		{FD10A43A-3174-4407-9A14-D5D1C4F20BCF}.Release|Any CPU.ActiveCfg = Release|Any CPU
		{FD10A43A-3174-4407-9A14-D5D1C4F20BCF}.Release|Any CPU.Build.0 = Release|Any CPU
		{0F8E924A-CDD8-4068-A694-76B38147141B}.Debug|Any CPU.ActiveCfg = Debug|Any CPU
		{0F8E924A-CDD8-4068-A694-76B38147141B}.Debug|Any CPU.Build.0 = Debug|Any CPU
		{0F8E924A-CDD8-4068-A694-76B38147141B}.Release|Any CPU.ActiveCfg = Release|Any CPU
		{0F8E924A-CDD8-4068-A694-76B38147141B}.Release|Any CPU.Build.0 = Release|Any CPU
	EndGlobalSection
	GlobalSection(SolutionProperties) = preSolution
		HideSolutionNode = FALSE
	EndGlobalSection
	GlobalSection(ExtensibilityGlobals) = postSolution
		SolutionGuid = {9DCEDB02-CF31-42FC-B33C-4EA3D819063C}
	EndGlobalSection
EndGlobal
